// !$*UTF8*$!
{
	archiveVersion = 1;
	classes = {
	};
	objectVersion = 46;
	objects = {

/* Begin PBXBuildFile section */
		5C6AF47D1998C89300B322B1 /* Cocoa.framework in Frameworks */ = {isa = PBXBuildFile; fileRef = 5C6AF47C1998C89300B322B1 /* Cocoa.framework */; };
		5C6AF4871998C89300B322B1 /* InfoPlist.strings in Resources */ = {isa = PBXBuildFile; fileRef = 5C6AF4851998C89300B322B1 /* InfoPlist.strings */; };
		5C6AF4891998C89300B322B1 /* main.m in Sources */ = {isa = PBXBuildFile; fileRef = 5C6AF4881998C89300B322B1 /* main.m */; };
		5C6AF48D1998C89300B322B1 /* Credits.rtf in Resources */ = {isa = PBXBuildFile; fileRef = 5C6AF48B1998C89300B322B1 /* Credits.rtf */; };
		5C6AF4901998C89300B322B1 /* TWAppDelegate.m in Sources */ = {isa = PBXBuildFile; fileRef = 5C6AF48F1998C89300B322B1 /* TWAppDelegate.m */; };
		5C6AF4931998C89400B322B1 /* MainMenu.xib in Resources */ = {isa = PBXBuildFile; fileRef = 5C6AF4911998C89400B322B1 /* MainMenu.xib */; };
		5C6AF4951998C89400B322B1 /* Images.xcassets in Resources */ = {isa = PBXBuildFile; fileRef = 5C6AF4941998C89400B322B1 /* Images.xcassets */; };
		5C6AF49C1998C89400B322B1 /* XCTest.framework in Frameworks */ = {isa = PBXBuildFile; fileRef = 5C6AF49B1998C89400B322B1 /* XCTest.framework */; };
		5C6AF49D1998C89400B322B1 /* Cocoa.framework in Frameworks */ = {isa = PBXBuildFile; fileRef = 5C6AF47C1998C89300B322B1 /* Cocoa.framework */; };
		5C6AF4A51998C89400B322B1 /* InfoPlist.strings in Resources */ = {isa = PBXBuildFile; fileRef = 5C6AF4A31998C89400B322B1 /* InfoPlist.strings */; };
		5C6AF4A71998C89400B322B1 /* WDSTests.m in Sources */ = {isa = PBXBuildFile; fileRef = 5C6AF4A61998C89400B322B1 /* WDSTests.m */; };
/* End PBXBuildFile section */

/* Begin PBXContainerItemProxy section */
		5C6AF49E1998C89400B322B1 /* PBXContainerItemProxy */ = {
			isa = PBXContainerItemProxy;
			containerPortal = 5C6AF4711998C89300B322B1 /* Project object */;
			proxyType = 1;
			remoteGlobalIDString = 5C6AF4781998C89300B322B1;
			remoteInfo = WDS;
		};
/* End PBXContainerItemProxy section */

/* Begin PBXFileReference section */
		5C6AF4791998C89300B322B1 /* WDS.app */ = {isa = PBXFileReference; explicitFileType = wrapper.application; includeInIndex = 0; path = WDS.app; sourceTree = BUILT_PRODUCTS_DIR; };
		5C6AF47C1998C89300B322B1 /* Cocoa.framework */ = {isa = PBXFileReference; lastKnownFileType = wrapper.framework; name = Cocoa.framework; path = System/Library/Frameworks/Cocoa.framework; sourceTree = SDKROOT; };
		5C6AF47F1998C89300B322B1 /* AppKit.framework */ = {isa = PBXFileReference; lastKnownFileType = wrapper.framework; name = AppKit.framework; path = System/Library/Frameworks/AppKit.framework; sourceTree = SDKROOT; };
		5C6AF4801998C89300B322B1 /* CoreData.framework */ = {isa = PBXFileReference; lastKnownFileType = wrapper.framework; name = CoreData.framework; path = System/Library/Frameworks/CoreData.framework; sourceTree = SDKROOT; };
		5C6AF4811998C89300B322B1 /* Foundation.framework */ = {isa = PBXFileReference; lastKnownFileType = wrapper.framework; name = Foundation.framework; path = System/Library/Frameworks/Foundation.framework; sourceTree = SDKROOT; };
		5C6AF4841998C89300B322B1 /* WDS-Info.plist */ = {isa = PBXFileReference; lastKnownFileType = text.plist.xml; path = "WDS-Info.plist"; sourceTree = "<group>"; };
		5C6AF4861998C89300B322B1 /* en */ = {isa = PBXFileReference; lastKnownFileType = text.plist.strings; name = en; path = en.lproj/InfoPlist.strings; sourceTree = "<group>"; };
		5C6AF4881998C89300B322B1 /* main.m */ = {isa = PBXFileReference; lastKnownFileType = sourcecode.c.objc; path = main.m; sourceTree = "<group>"; };
		5C6AF48A1998C89300B322B1 /* WDS-Prefix.pch */ = {isa = PBXFileReference; lastKnownFileType = sourcecode.c.h; path = "WDS-Prefix.pch"; sourceTree = "<group>"; };
		5C6AF48C1998C89300B322B1 /* en */ = {isa = PBXFileReference; lastKnownFileType = text.rtf; name = en; path = en.lproj/Credits.rtf; sourceTree = "<group>"; };
		5C6AF48E1998C89300B322B1 /* TWAppDelegate.h */ = {isa = PBXFileReference; lastKnownFileType = sourcecode.c.h; path = TWAppDelegate.h; sourceTree = "<group>"; };
		5C6AF48F1998C89300B322B1 /* TWAppDelegate.m */ = {isa = PBXFileReference; lastKnownFileType = sourcecode.c.objc; path = TWAppDelegate.m; sourceTree = "<group>"; };
		5C6AF4921998C89400B322B1 /* Base */ = {isa = PBXFileReference; lastKnownFileType = file.xib; name = Base; path = Base.lproj/MainMenu.xib; sourceTree = "<group>"; };
		5C6AF4941998C89400B322B1 /* Images.xcassets */ = {isa = PBXFileReference; lastKnownFileType = folder.assetcatalog; path = Images.xcassets; sourceTree = "<group>"; };
		5C6AF49A1998C89400B322B1 /* WDSTests.xctest */ = {isa = PBXFileReference; explicitFileType = wrapper.cfbundle; includeInIndex = 0; path = WDSTests.xctest; sourceTree = BUILT_PRODUCTS_DIR; };
		5C6AF49B1998C89400B322B1 /* XCTest.framework */ = {isa = PBXFileReference; lastKnownFileType = wrapper.framework; name = XCTest.framework; path = Library/Frameworks/XCTest.framework; sourceTree = DEVELOPER_DIR; };
		5C6AF4A21998C89400B322B1 /* WDSTests-Info.plist */ = {isa = PBXFileReference; lastKnownFileType = text.plist.xml; path = "WDSTests-Info.plist"; sourceTree = "<group>"; };
		5C6AF4A41998C89400B322B1 /* en */ = {isa = PBXFileReference; lastKnownFileType = text.plist.strings; name = en; path = en.lproj/InfoPlist.strings; sourceTree = "<group>"; };
		5C6AF4A61998C89400B322B1 /* WDSTests.m */ = {isa = PBXFileReference; lastKnownFileType = sourcecode.c.objc; path = WDSTests.m; sourceTree = "<group>"; };
/* End PBXFileReference section */

/* Begin PBXFrameworksBuildPhase section */
		5C6AF4761998C89300B322B1 /* Frameworks */ = {
			isa = PBXFrameworksBuildPhase;
			buildActionMask = 2147483647;
			files = (
				5C6AF47D1998C89300B322B1 /* Cocoa.framework in Frameworks */,
			);
			runOnlyForDeploymentPostprocessing = 0;
		};
		5C6AF4971998C89400B322B1 /* Frameworks */ = {
			isa = PBXFrameworksBuildPhase;
			buildActionMask = 2147483647;
			files = (
				5C6AF49D1998C89400B322B1 /* Cocoa.framework in Frameworks */,
				5C6AF49C1998C89400B322B1 /* XCTest.framework in Frameworks */,
			);
			runOnlyForDeploymentPostprocessing = 0;
		};
/* End PBXFrameworksBuildPhase section */

/* Begin PBXGroup section */
		5C6AF4701998C89300B322B1 = {
			isa = PBXGroup;
			children = (
				5C6AF4821998C89300B322B1 /* WDS */,
				5C6AF4A01998C89400B322B1 /* WDSTests */,
				5C6AF47B1998C89300B322B1 /* Frameworks */,
				5C6AF47A1998C89300B322B1 /* Products */,
			);
			sourceTree = "<group>";
		};
		5C6AF47A1998C89300B322B1 /* Products */ = {
			isa = PBXGroup;
			children = (
				5C6AF4791998C89300B322B1 /* WDS.app */,
				5C6AF49A1998C89400B322B1 /* WDSTests.xctest */,
			);
			name = Products;
			sourceTree = "<group>";
		};
		5C6AF47B1998C89300B322B1 /* Frameworks */ = {
			isa = PBXGroup;
			children = (
				5C6AF47C1998C89300B322B1 /* Cocoa.framework */,
				5C6AF49B1998C89400B322B1 /* XCTest.framework */,
				5C6AF47E1998C89300B322B1 /* Other Frameworks */,
			);
			name = Frameworks;
			sourceTree = "<group>";
		};
		5C6AF47E1998C89300B322B1 /* Other Frameworks */ = {
			isa = PBXGroup;
			children = (
				5C6AF47F1998C89300B322B1 /* AppKit.framework */,
				5C6AF4801998C89300B322B1 /* CoreData.framework */,
				5C6AF4811998C89300B322B1 /* Foundation.framework */,
			);
			name = "Other Frameworks";
			sourceTree = "<group>";
		};
		5C6AF4821998C89300B322B1 /* WDS */ = {
			isa = PBXGroup;
			children = (
				5C6AF48E1998C89300B322B1 /* TWAppDelegate.h */,
				5C6AF48F1998C89300B322B1 /* TWAppDelegate.m */,
				5C6AF4911998C89400B322B1 /* MainMenu.xib */,
				5C6AF4941998C89400B322B1 /* Images.xcassets */,
				5C6AF4831998C89300B322B1 /* Supporting Files */,
			);
			path = WDS;
			sourceTree = "<group>";
		};
		5C6AF4831998C89300B322B1 /* Supporting Files */ = {
			isa = PBXGroup;
			children = (
				5C6AF4841998C89300B322B1 /* WDS-Info.plist */,
				5C6AF4851998C89300B322B1 /* InfoPlist.strings */,
				5C6AF4881998C89300B322B1 /* main.m */,
				5C6AF48A1998C89300B322B1 /* WDS-Prefix.pch */,
				5C6AF48B1998C89300B322B1 /* Credits.rtf */,
			);
			name = "Supporting Files";
			sourceTree = "<group>";
		};
		5C6AF4A01998C89400B322B1 /* WDSTests */ = {
			isa = PBXGroup;
			children = (
				5C6AF4A61998C89400B322B1 /* WDSTests.m */,
				5C6AF4A11998C89400B322B1 /* Supporting Files */,
			);
			path = WDSTests;
			sourceTree = "<group>";
		};
		5C6AF4A11998C89400B322B1 /* Supporting Files */ = {
			isa = PBXGroup;
			children = (
				5C6AF4A21998C89400B322B1 /* WDSTests-Info.plist */,
				5C6AF4A31998C89400B322B1 /* InfoPlist.strings */,
			);
			name = "Supporting Files";
			sourceTree = "<group>";
		};
/* End PBXGroup section */

/* Begin PBXNativeTarget section */
		5C6AF4781998C89300B322B1 /* WDS */ = {
			isa = PBXNativeTarget;
			buildConfigurationList = 5C6AF4AA1998C89400B322B1 /* Build configuration list for PBXNativeTarget "WDS" */;
			buildPhases = (
				5C6AF4751998C89300B322B1 /* Sources */,
				5C6AF4761998C89300B322B1 /* Frameworks */,
				5C6AF4771998C89300B322B1 /* Resources */,
			);
			buildRules = (
			);
			dependencies = (
			);
			name = WDS;
			productName = WDS;
			productReference = 5C6AF4791998C89300B322B1 /* WDS.app */;
			productType = "com.apple.product-type.application";
		};
		5C6AF4991998C89400B322B1 /* WDSTests */ = {
			isa = PBXNativeTarget;
			buildConfigurationList = 5C6AF4AD1998C89400B322B1 /* Build configuration list for PBXNativeTarget "WDSTests" */;
			buildPhases = (
				5C6AF4961998C89400B322B1 /* Sources */,
				5C6AF4971998C89400B322B1 /* Frameworks */,
				5C6AF4981998C89400B322B1 /* Resources */,
			);
			buildRules = (
			);
			dependencies = (
				5C6AF49F1998C89400B322B1 /* PBXTargetDependency */,
			);
			name = WDSTests;
			productName = WDSTests;
			productReference = 5C6AF49A1998C89400B322B1 /* WDSTests.xctest */;
			productType = "com.apple.product-type.bundle.unit-test";
		};
/* End PBXNativeTarget section */

/* Begin PBXProject section */
		5C6AF4711998C89300B322B1 /* Project object */ = {
			isa = PBXProject;
			attributes = {
				CLASSPREFIX = TW;
				LastUpgradeCheck = 0510;
				ORGANIZATIONNAME = TGD;
				TargetAttributes = {
					5C6AF4991998C89400B322B1 = {
						TestTargetID = 5C6AF4781998C89300B322B1;
					};
				};
			};
			buildConfigurationList = 5C6AF4741998C89300B322B1 /* Build configuration list for PBXProject "WDS" */;
			compatibilityVersion = "Xcode 3.2";
			developmentRegion = English;
			hasScannedForEncodings = 0;
			knownRegions = (
				en,
				Base,
			);
			mainGroup = 5C6AF4701998C89300B322B1;
			productRefGroup = 5C6AF47A1998C89300B322B1 /* Products */;
			projectDirPath = "";
			projectRoot = "";
			targets = (
				5C6AF4781998C89300B322B1 /* WDS */,
				5C6AF4991998C89400B322B1 /* WDSTests */,
			);
		};
/* End PBXProject section */

/* Begin PBXResourcesBuildPhase section */
		5C6AF4771998C89300B322B1 /* Resources */ = {
			isa = PBXResourcesBuildPhase;
			buildActionMask = 2147483647;
			files = (
				5C6AF4871998C89300B322B1 /* InfoPlist.strings in Resources */,
				5C6AF4951998C89400B322B1 /* Images.xcassets in Resources */,
				5C6AF48D1998C89300B322B1 /* Credits.rtf in Resources */,
				5C6AF4931998C89400B322B1 /* MainMenu.xib in Resources */,
			);
			runOnlyForDeploymentPostprocessing = 0;
		};
		5C6AF4981998C89400B322B1 /* Resources */ = {
			isa = PBXResourcesBuildPhase;
			buildActionMask = 2147483647;
			files = (
				5C6AF4A51998C89400B322B1 /* InfoPlist.strings in Resources */,
			);
			runOnlyForDeploymentPostprocessing = 0;
		};
/* End PBXResourcesBuildPhase section */

/* Begin PBXSourcesBuildPhase section */
		5C6AF4751998C89300B322B1 /* Sources */ = {
			isa = PBXSourcesBuildPhase;
			buildActionMask = 2147483647;
			files = (
				5C6AF4891998C89300B322B1 /* main.m in Sources */,
				5C6AF4901998C89300B322B1 /* TWAppDelegate.m in Sources */,
			);
			runOnlyForDeploymentPostprocessing = 0;
		};
		5C6AF4961998C89400B322B1 /* Sources */ = {
			isa = PBXSourcesBuildPhase;
			buildActionMask = 2147483647;
			files = (
				5C6AF4A71998C89400B322B1 /* WDSTests.m in Sources */,
			);
			runOnlyForDeploymentPostprocessing = 0;
		};
/* End PBXSourcesBuildPhase section */

/* Begin PBXTargetDependency section */
		5C6AF49F1998C89400B322B1 /* PBXTargetDependency */ = {
			isa = PBXTargetDependency;
			target = 5C6AF4781998C89300B322B1 /* WDS */;
			targetProxy = 5C6AF49E1998C89400B322B1 /* PBXContainerItemProxy */;
		};
/* End PBXTargetDependency section */

/* Begin PBXVariantGroup section */
		5C6AF4851998C89300B322B1 /* InfoPlist.strings */ = {
			isa = PBXVariantGroup;
			children = (
				5C6AF4861998C89300B322B1 /* en */,
			);
			name = InfoPlist.strings;
			sourceTree = "<group>";
		};
		5C6AF48B1998C89300B322B1 /* Credits.rtf */ = {
			isa = PBXVariantGroup;
			children = (
				5C6AF48C1998C89300B322B1 /* en */,
			);
			name = Credits.rtf;
			sourceTree = "<group>";
		};
		5C6AF4911998C89400B322B1 /* MainMenu.xib */ = {
			isa = PBXVariantGroup;
			children = (
				5C6AF4921998C89400B322B1 /* Base */,
			);
			name = MainMenu.xib;
			sourceTree = "<group>";
		};
		5C6AF4A31998C89400B322B1 /* InfoPlist.strings */ = {
			isa = PBXVariantGroup;
			children = (
				5C6AF4A41998C89400B322B1 /* en */,
			);
			name = InfoPlist.strings;
			sourceTree = "<group>";
		};
/* End PBXVariantGroup section */

/* Begin XCBuildConfiguration section */
		5C6AF4A81998C89400B322B1 /* Debug */ = {
			isa = XCBuildConfiguration;
			buildSettings = {
				ALWAYS_SEARCH_USER_PATHS = NO;
				CLANG_CXX_LANGUAGE_STANDARD = "gnu++0x";
				CLANG_CXX_LIBRARY = "libc++";
				CLANG_ENABLE_MODULES = YES;
				CLANG_ENABLE_OBJC_ARC = YES;
				CLANG_WARN_BOOL_CONVERSION = YES;
				CLANG_WARN_CONSTANT_CONVERSION = YES;
				CLANG_WARN_DIRECT_OBJC_ISA_USAGE = YES_ERROR;
				CLANG_WARN_EMPTY_BODY = YES;
				CLANG_WARN_ENUM_CONVERSION = YES;
				CLANG_WARN_INT_CONVERSION = YES;
				CLANG_WARN_OBJC_ROOT_CLASS = YES_ERROR;
				CLANG_WARN__DUPLICATE_METHOD_MATCH = YES;
				COPY_PHASE_STRIP = NO;
				GCC_C_LANGUAGE_STANDARD = gnu99;
				GCC_DYNAMIC_NO_PIC = NO;
				GCC_ENABLE_OBJC_EXCEPTIONS = YES;
				GCC_OPTIMIZATION_LEVEL = 0;
				GCC_PREPROCESSOR_DEFINITIONS = (
					"DEBUG=1",
					"$(inherited)",
				);
				GCC_SYMBOLS_PRIVATE_EXTERN = NO;
				GCC_WARN_64_TO_32_BIT_CONVERSION = YES;
				GCC_WARN_ABOUT_RETURN_TYPE = YES_ERROR;
				GCC_WARN_UNDECLARED_SELECTOR = YES;
				GCC_WARN_UNINITIALIZED_AUTOS = YES_AGGRESSIVE;
				GCC_WARN_UNUSED_FUNCTION = YES;
				GCC_WARN_UNUSED_VARIABLE = YES;
				MACOSX_DEPLOYMENT_TARGET = 10.9;
				ONLY_ACTIVE_ARCH = YES;
				SDKROOT = macosx;
			};
			name = Debug;
		};
		5C6AF4A91998C89400B322B1 /* Release */ = {
			isa = XCBuildConfiguration;
			buildSettings = {
				ALWAYS_SEARCH_USER_PATHS = NO;
				CLANG_CXX_LANGUAGE_STANDARD = "gnu++0x";
				CLANG_CXX_LIBRARY = "libc++";
				CLANG_ENABLE_MODULES = YES;
				CLANG_ENABLE_OBJC_ARC = YES;
				CLANG_WARN_BOOL_CONVERSION = YES;
				CLANG_WARN_CONSTANT_CONVERSION = YES;
				CLANG_WARN_DIRECT_OBJC_ISA_USAGE = YES_ERROR;
				CLANG_WARN_EMPTY_BODY = YES;
				CLANG_WARN_ENUM_CONVERSION = YES;
				CLANG_WARN_INT_CONVERSION = YES;
				CLANG_WARN_OBJC_ROOT_CLASS = YES_ERROR;
				CLANG_WARN__DUPLICATE_METHOD_MATCH = YES;
				COPY_PHASE_STRIP = YES;
				DEBUG_INFORMATION_FORMAT = "dwarf-with-dsym";
				ENABLE_NS_ASSERTIONS = NO;
				GCC_C_LANGUAGE_STANDARD = gnu99;
				GCC_ENABLE_OBJC_EXCEPTIONS = YES;
				GCC_WARN_64_TO_32_BIT_CONVERSION = YES;
				GCC_WARN_ABOUT_RETURN_TYPE = YES_ERROR;
				GCC_WARN_UNDECLARED_SELECTOR = YES;
				GCC_WARN_UNINITIALIZED_AUTOS = YES_AGGRESSIVE;
				GCC_WARN_UNUSED_FUNCTION = YES;
				GCC_WARN_UNUSED_VARIABLE = YES;
				MACOSX_DEPLOYMENT_TARGET = 10.9;
				SDKROOT = macosx;
			};
			name = Release;
		};
		5C6AF4AB1998C89400B322B1 /* Debug */ = {
			isa = XCBuildConfiguration;
			buildSettings = {
				ASSETCATALOG_COMPILER_APPICON_NAME = AppIcon;
				COMBINE_HIDPI_IMAGES = YES;
				GCC_PRECOMPILE_PREFIX_HEADER = YES;
				GCC_PREFIX_HEADER = "WDS/WDS-Prefix.pch";
				INFOPLIST_FILE = "WDS/WDS-Info.plist";
				PRODUCT_NAME = "$(TARGET_NAME)";
				WRAPPER_EXTENSION = app;
			};
			name = Debug;
		};
		5C6AF4AC1998C89400B322B1 /* Release */ = {
			isa = XCBuildConfiguration;
			buildSettings = {
				ASSETCATALOG_COMPILER_APPICON_NAME = AppIcon;
				COMBINE_HIDPI_IMAGES = YES;
				GCC_PRECOMPILE_PREFIX_HEADER = YES;
				GCC_PREFIX_HEADER = "WDS/WDS-Prefix.pch";
				INFOPLIST_FILE = "WDS/WDS-Info.plist";
				PRODUCT_NAME = "$(TARGET_NAME)";
				WRAPPER_EXTENSION = app;
			};
			name = Release;
		};
		5C6AF4AE1998C89400B322B1 /* Debug */ = {
			isa = XCBuildConfiguration;
			buildSettings = {
				BUNDLE_LOADER = "$(BUILT_PRODUCTS_DIR)/WDS.app/Contents/MacOS/WDS";
				COMBINE_HIDPI_IMAGES = YES;
				FRAMEWORK_SEARCH_PATHS = (
					"$(DEVELOPER_FRAMEWORKS_DIR)",
					"$(inherited)",
				);
				GCC_PRECOMPILE_PREFIX_HEADER = YES;
				GCC_PREFIX_HEADER = "WDS/WDS-Prefix.pch";
				GCC_PREPROCESSOR_DEFINITIONS = (
					"DEBUG=1",
					"$(inherited)",
				);
				INFOPLIST_FILE = "WDSTests/WDSTests-Info.plist";
				PRODUCT_NAME = "$(TARGET_NAME)";
				TEST_HOST = "$(BUNDLE_LOADER)";
				WRAPPER_EXTENSION = xctest;
			};
			name = Debug;
		};
		5C6AF4AF1998C89400B322B1 /* Release */ = {
			isa = XCBuildConfiguration;
			buildSettings = {
				BUNDLE_LOADER = "$(BUILT_PRODUCTS_DIR)/WDS.app/Contents/MacOS/WDS";
				COMBINE_HIDPI_IMAGES = YES;
				FRAMEWORK_SEARCH_PATHS = (
					"$(DEVELOPER_FRAMEWORKS_DIR)",
					"$(inherited)",
				);
				GCC_PRECOMPILE_PREFIX_HEADER = YES;
				GCC_PREFIX_HEADER = "WDS/WDS-Prefix.pch";
				INFOPLIST_FILE = "WDSTests/WDSTests-Info.plist";
				PRODUCT_NAME = "$(TARGET_NAME)";
				TEST_HOST = "$(BUNDLE_LOADER)";
				WRAPPER_EXTENSION = xctest;
			};
			name = Release;
		};
/* End XCBuildConfiguration section */

/* Begin XCConfigurationList section */
		5C6AF4741998C89300B322B1 /* Build configuration list for PBXProject "WDS" */ = {
			isa = XCConfigurationList;
			buildConfigurations = (
				5C6AF4A81998C89400B322B1 /* Debug */,
				5C6AF4A91998C89400B322B1 /* Release */,
			);
			defaultConfigurationIsVisible = 0;
			defaultConfigurationName = Release;
		};
		5C6AF4AA1998C89400B322B1 /* Build configuration list for PBXNativeTarget "WDS" */ = {
			isa = XCConfigurationList;
			buildConfigurations = (
				5C6AF4AB1998C89400B322B1 /* Debug */,
				5C6AF4AC1998C89400B322B1 /* Release */,
			);
			defaultConfigurationIsVisible = 0;
		};
		5C6AF4AD1998C89400B322B1 /* Build configuration list for PBXNativeTarget "WDSTests" */ = {
			isa = XCConfigurationList;
			buildConfigurations = (
				5C6AF4AE1998C89400B322B1 /* Debug */,
				5C6AF4AF1998C89400B322B1 /* Release */,
			);
			defaultConfigurationIsVisible = 0;
		};
/* End XCConfigurationList section */
	};
	rootObject = 5C6AF4711998C89300B322B1 /* Project object */;
}
